
Microsoft Visual Studio Solution File, Format Version 12.00
Project("{FAE04EC0-301F-11D3-BF4B-00C04F79EFBC}") = "HumidiferWebController", "HumidiferWebController.csproj", "{3E7304D5-2345-4C47-BC23-B4CAAAAF2B6E}"
EndProject
Global
	GlobalSection(SolutionConfigurationPlatforms) = preSolution
		Debug|Any CPU = Debug|Any CPU
		Release|Any CPU = Release|Any CPU
	EndGlobalSection
	GlobalSection(ProjectConfigurationPlatforms) = postSolution
		{3E7304D5-2345-4C47-BC23-B4CAAAAF2B6E}.Debug|Any CPU.ActiveCfg = Debug|Any CPU
		{3E7304D5-2345-4C47-BC23-B4CAAAAF2B6E}.Debug|Any CPU.Build.0 = Debug|Any CPU
		{3E7304D5-2345-4C47-BC23-B4CAAAAF2B6E}.Release|Any CPU.ActiveCfg = Release|Any CPU
		{3E7304D5-2345-4C47-BC23-B4CAAAAF2B6E}.Release|Any CPU.Build.0 = Release|Any CPU
	EndGlobalSection
EndGlobal
